hash: 9a63a647d170bf591f2e1e056cca35540c653a87c7a7b117bfa3c83017654033
updated: 2018-06-02T23:31:27.91338962+06:00
imports:
- name: github.com/appscode/go
  version: 230e0e4622c682b5d117db8c28a66404ed874ed5
  subpackages:
  - analytics
  - env
  - flags
  - homedir
  - log/golog
  - net
  - runtime
  - sets
  - term
  - version
- name: github.com/appscode/jsonpatch
  version: 1359b374de83fa14fd58ab10aa8ea4935f84d249
- name: github.com/appscode/kutil
  version: 5fbfa91a3f029faeda0520507a7bfe07df3eedbd
  subpackages:
  - meta
  - tools/analytics
- name: github.com/beorn7/perks
  version: 4c0e84591b9aa9e6dcfdf3e020114cd81f89d5f9
  subpackages:
  - quantile
- name: github.com/cockroachdb/cmux
  version: 112f0506e7743d64a6eb8fedbcff13d9979bbf92
- name: github.com/coreos/bbolt
  version: 48ea1b39c25fc1bab3506fbc712ecbaa842c4d2d
- name: github.com/coreos/etcd
  version: 95a726a27e09030f9ccbd9982a1508f5a6d25ada
  subpackages:
  - alarm
  - auth
  - auth/authpb
  - client
  - clientv3
  - clientv3/concurrency
  - clientv3/namespace
  - clientv3/naming
  - compactor
  - discovery
  - embed
  - error
  - etcdserver
  - etcdserver/api
  - etcdserver/api/etcdhttp
  - etcdserver/api/v2http
  - etcdserver/api/v2http/httptypes
  - etcdserver/api/v3client
  - etcdserver/api/v3election
  - etcdserver/api/v3election/v3electionpb
  - etcdserver/api/v3election/v3electionpb/gw
  - etcdserver/api/v3lock
  - etcdserver/api/v3lock/v3lockpb
  - etcdserver/api/v3lock/v3lockpb/gw
  - etcdserver/api/v3rpc
  - etcdserver/api/v3rpc/rpctypes
  - etcdserver/auth
  - etcdserver/etcdserverpb
  - etcdserver/etcdserverpb/gw
  - etcdserver/membership
  - etcdserver/stats
  - lease
  - lease/leasehttp
  - lease/leasepb
  - mvcc
  - mvcc/backend
  - mvcc/mvccpb
  - pkg/adt
  - pkg/contention
  - pkg/cors
  - pkg/cpuutil
  - pkg/crc
  - pkg/debugutil
  - pkg/fileutil
  - pkg/flags
  - pkg/httputil
  - pkg/idutil
  - pkg/ioutil
  - pkg/logutil
  - pkg/monotime
  - pkg/netutil
  - pkg/osutil
  - pkg/pathutil
  - pkg/pbutil
  - pkg/runtime
  - pkg/schedule
  - pkg/srv
  - pkg/tlsutil
  - pkg/transport
  - pkg/types
  - pkg/wait
  - proxy/grpcproxy
  - proxy/grpcproxy/adapter
  - proxy/grpcproxy/cache
  - proxy/httpproxy
  - proxy/tcpproxy
  - raft
  - raft/raftpb
  - rafthttp
  - snap
  - snap/snappb
  - store
  - version
  - wal
  - wal/walpb
- name: github.com/coreos/go-semver
  version: 8ab6407b697782a06568d4b7f1db25550ec2e4c6
  subpackages:
  - semver
- name: github.com/coreos/go-systemd
  version: 48702e0da86bd25e76cfef347e2adeb434a0d0a6
  subpackages:
  - daemon
  - journal
  - util
- name: github.com/coreos/pkg
  version: 3ac0863d7acf3bc44daf49afef8919af12f704ef
  subpackages:
  - capnslog
  - dlopen
- name: github.com/cpuguy83/go-md2man
  version: 48d8747a2ca13185e7cc8efe6e9fc196a83f71a5
  subpackages:
  - md2man
- name: github.com/davecgh/go-spew
  version: 782f4967f2dc4564575ca782fe2d04090b5faca8
  subpackages:
  - spew
- name: github.com/dgrijalva/jwt-go
  version: d2709f9f1f31ebcda9651b03077758c1f3a0018c
- name: github.com/evanphx/json-patch
  version: 94e38aa1586e8a6c8a75770bddf5ff84c48a106b
- name: github.com/fatih/color
  version: 2d684516a8861da43017284349b7e303e809ac21
- name: github.com/ghodss/yaml
  version: 0ca9ea5df5451ffdf184b4428c902747c2c11cd7
- name: github.com/gogo/protobuf
  version: c0656edd0d9eab7c66d1eb0c568f9039345796f7
  subpackages:
  - proto
  - sortkeys
- name: github.com/golang/glog
  version: 23def4e6c14b4da8ac2ed8007337bc5eb5007998
- name: github.com/golang/groupcache
  version: 02826c3e79038b59d737d3b1c0a1d937f71a4433
  subpackages:
  - lru
- name: github.com/golang/protobuf
  version: 1643683e1b54a9e88ad26d98f81400c8c9d9f4f9
  subpackages:
  - jsonpb
  - proto
  - protoc-gen-go/descriptor
  - ptypes
  - ptypes/any
  - ptypes/duration
  - ptypes/struct
  - ptypes/timestamp
- name: github.com/google/btree
  version: 925471ac9e2131377a91e1595defec898166fe49
- name: github.com/google/go-cmp
  version: 5411ab924f9ffa6566244a9e504bc347edacffd3
  subpackages:
  - cmp
  - cmp/internal/diff
  - cmp/internal/function
  - cmp/internal/value
- name: github.com/google/gofuzz
  version: 44d81051d367757e1c7c6a5a86423ece9afcf63c
- name: github.com/google/uuid
  version: dec09d789f3dba190787f8b4454c7d3c936fed9e
- name: github.com/googleapis/gnostic
  version: 0c5108395e2debce0d731cf0287ddf7242066aba
  subpackages:
  - OpenAPIv2
  - compiler
  - extensions
- name: github.com/gregjones/httpcache
  version: 787624de3eb7bd915c329cba748687a3b22666a6
  subpackages:
  - diskcache
- name: github.com/grpc-ecosystem/go-grpc-prometheus
  version: 0dafe0d496ea71181bf2dd039e7e3f44b6bd11a7
- name: github.com/grpc-ecosystem/grpc-gateway
  version: 8cc3a55af3bcf171a1c23a90c4df9cf591706104
  subpackages:
  - runtime
  - runtime/internal
  - utilities
- name: github.com/howeyc/gopass
  version: bf9dde6d0d2c004a008c27aaee91170c786f6db8
- name: github.com/inconshreveable/mousetrap
  version: 76626ae9c91c4f2a10f34cad8ce83ea42c93bb75
- name: github.com/jonboulle/clockwork
  version: 2eee05ed794112d45db504eb05aa693efd2b8b09
- name: github.com/jpillora/go-ogle-analytics
  version: 14b04e0594ef6a9fd943363b135656f0ec8c9d0e
- name: github.com/json-iterator/go
  version: 8744d7c5c7b40a53e018f78d8c508b3315260b96
- name: github.com/mattn/go-colorable
  version: efa589957cd060542a26d2dd7832fd6a6c6c3ade
- name: github.com/mattn/go-isatty
  version: 6ca4dbf54d38eea1a992b3c722a76a5d1c4cb25c
- name: github.com/matttproud/golang_protobuf_extensions
  version: c12348ce28de40eed0136aa2b644d0ee0650e56c
  subpackages:
  - pbutil
- name: github.com/modern-go/concurrent
  version: bacd9c7ef1dd9b15be4a9909b8ac7a4e313eec94
- name: github.com/modern-go/reflect2
  version: 05fbef0ca5da472bbf96c9322b84a53edc03c9fd
- name: github.com/peterbourgon/diskv
  version: 5f041e8faa004a95c88a202771f4cc3e991971e6
- name: github.com/pkg/errors
  version: 816c9085562cd7ee03e7f8188a1cfd942858cded
- name: github.com/prometheus/client_golang
  version: c5b7fccd204277076155f10851dad72b76a49317
  subpackages:
  - prometheus
- name: github.com/prometheus/client_model
  version: 6f3806018612930941127f2a7c6c453ba2c527d2
  subpackages:
  - go
- name: github.com/prometheus/common
  version: 49fee292b27bfff7f354ee0f64e1bc4850462edf
  subpackages:
  - expfmt
  - internal/bitbucket.org/ww/goautoneg
  - model
- name: github.com/prometheus/procfs
  version: a1dba9ce8baed984a2495b658c82687f8157b98f
  subpackages:
  - xfs
- name: github.com/russross/blackfriday
  version: 4048872b16cc0fc2c5fd9eacf0ed2c2fedaa0c8c
- name: github.com/sergi/go-diff
  version: 24e2351369ec4949b2ed0dc5c477afdd4c4034e8
  repo: https://github.com/sergi/go-diff
  subpackages:
  - diffmatchpatch
- name: github.com/sirupsen/logrus
  version: f006c2ac4710855cf0f916dd6b77acf6b048dc6e
- name: github.com/spf13/cobra
  version: 1e58aa3361fd650121dceeedc399e7189c05674a
  subpackages:
  - doc
- name: github.com/spf13/pflag
  version: aca488055805e43a8c7755c10af3f6cbf753d2b4
  repo: https://github.com/appscode/pflag.git
- name: github.com/ugorji/go
  version: ded73eae5db7e7a0ef6f55aace87a2873c5d2b74
  subpackages:
  - codec
- name: github.com/xiang90/probing
  version: 07dd2e8dfe18522e9c447ba95f2fe95262f63bb2
- name: github.com/yudai/gojsondiff
  version: 0525c875b75ca60b9e67ddc44496aa16f21066b0
  subpackages:
  - formatter
- name: github.com/yudai/golcs
  version: d1c525dea8ce39ea9a783d33cf08932305373f2c
  repo: https://github.com/yudai/golcs
- name: go.uber.org/zap
  version: 88c71ae3d702167d7f8be42c0e0b68bfa4d1707e
- name: golang.org/x/crypto
  version: 9419663f5a44be8b34ca85f08abc5fe1be11f8a3
  subpackages:
  - bcrypt
  - blowfish
  - ssh/terminal
- name: golang.org/x/net
  version: 66aacef3dd8a676686c7ae3716979581e8b03c47
  subpackages:
  - context
  - http2
  - http2/hpack
  - idna
  - internal/timeseries
  - lex/httplex
  - trace
- name: golang.org/x/sys
  version: e48874b42435b4347fc52bdee0424a52abc974d7
  subpackages:
  - unix
  - windows
- name: golang.org/x/text
  version: 4ee4af566555f5fbe026368b75596286a312663a
  subpackages:
  - secure/bidirule
  - transform
  - unicode/bidi
  - unicode/norm
- name: golang.org/x/time
  version: c06e80d9300e4443158a03817b8a8cb37d230320
  subpackages:
  - rate
- name: google.golang.org/genproto
  version: 09f6ed296fc66555a25fe4ce95173148778dfa85
  subpackages:
  - googleapis/api/annotations
  - googleapis/rpc/status
- name: google.golang.org/grpc
  version: 5b3c4e850e90a4cf6a20ebd46c8b32a0a3afcb9e
  subpackages:
  - balancer
  - codes
  - connectivity
  - credentials
  - grpclb/grpc_lb_v1/messages
  - grpclog
  - health
  - health/grpc_health_v1
  - internal
  - keepalive
  - metadata
  - naming
  - peer
  - resolver
  - stats
  - status
  - tap
  - transport
- name: gopkg.in/inf.v0
  version: 3887ee99ecf07df5b447e9b00d9c0b2adaa9f3e4
- name: gopkg.in/yaml.v2
  version: cd8b52f8269e0feb286dfeef29f8fe4d5b397e0b
- name: k8s.io/api
  version: 5204d3828432611e41488a8042bc1d16a7c12e05
  subpackages:
  - admissionregistration/v1alpha1
  - admissionregistration/v1beta1
  - apps/v1
  - apps/v1beta1
  - apps/v1beta2
  - authentication/v1
  - authentication/v1beta1
  - authorization/v1
  - authorization/v1beta1
  - autoscaling/v1
  - autoscaling/v2beta1
  - batch/v1
  - batch/v1beta1
  - batch/v2alpha1
  - certificates/v1beta1
  - core/v1
  - events/v1beta1
  - extensions/v1beta1
  - networking/v1
  - policy/v1beta1
  - rbac/v1
  - rbac/v1alpha1
  - rbac/v1beta1
  - scheduling/v1alpha1
  - scheduling/v1beta1
  - settings/v1alpha1
  - storage/v1
  - storage/v1alpha1
  - storage/v1beta1
- name: k8s.io/apimachinery
  version: 1e6ce0f30d47d3c48634eabcc5b25a594654e7a5
  subpackages:
  - pkg/api/errors
  - pkg/api/meta
  - pkg/api/resource
  - pkg/apis/meta/v1
  - pkg/apis/meta/v1/unstructured
  - pkg/apis/meta/v1beta1
  - pkg/conversion
  - pkg/conversion/queryparams
  - pkg/fields
  - pkg/labels
  - pkg/runtime
  - pkg/runtime/schema
  - pkg/runtime/serializer
  - pkg/runtime/serializer/json
  - pkg/runtime/serializer/protobuf
  - pkg/runtime/serializer/recognizer
  - pkg/runtime/serializer/streaming
  - pkg/runtime/serializer/versioning
  - pkg/selection
  - pkg/types
  - pkg/util/clock
  - pkg/util/errors
  - pkg/util/framer
  - pkg/util/intstr
  - pkg/util/json
  - pkg/util/mergepatch
  - pkg/util/net
  - pkg/util/runtime
  - pkg/util/sets
  - pkg/util/strategicpatch
  - pkg/util/validation
  - pkg/util/validation/field
  - pkg/util/wait
  - pkg/util/yaml
  - pkg/version
  - pkg/watch
  - third_party/forked/golang/json
  - third_party/forked/golang/reflect
- name: k8s.io/client-go
  version: 3c4446fb4da0f3cc490881b533d2a4049435c483
  subpackages:
  - discovery
  - kubernetes
  - kubernetes/scheme
  - kubernetes/typed/admissionregistration/v1alpha1
  - kubernetes/typed/admissionregistration/v1beta1
  - kubernetes/typed/apps/v1
  - kubernetes/typed/apps/v1beta1
  - kubernetes/typed/apps/v1beta2
  - kubernetes/typed/authentication/v1
  - kubernetes/typed/authentication/v1beta1
  - kubernetes/typed/authorization/v1
  - kubernetes/typed/authorization/v1beta1
  - kubernetes/typed/autoscaling/v1
  - kubernetes/typed/autoscaling/v2beta1
  - kubernetes/typed/batch/v1
  - kubernetes/typed/batch/v1beta1
  - kubernetes/typed/batch/v2alpha1
  - kubernetes/typed/certificates/v1beta1
  - kubernetes/typed/core/v1
  - kubernetes/typed/events/v1beta1
  - kubernetes/typed/extensions/v1beta1
  - kubernetes/typed/networking/v1
  - kubernetes/typed/policy/v1beta1
  - kubernetes/typed/rbac/v1
  - kubernetes/typed/rbac/v1alpha1
  - kubernetes/typed/rbac/v1beta1
  - kubernetes/typed/scheduling/v1alpha1
  - kubernetes/typed/scheduling/v1beta1
  - kubernetes/typed/settings/v1alpha1
  - kubernetes/typed/storage/v1
  - kubernetes/typed/storage/v1alpha1
  - kubernetes/typed/storage/v1beta1
  - pkg/apis/clientauthentication
  - pkg/apis/clientauthentication/v1alpha1
  - pkg/version
  - plugin/pkg/client/auth/exec
  - rest
  - rest/watch
  - tools/clientcmd/api
  - tools/metrics
  - tools/reference
  - transport
  - util/cert
  - util/connrotation
  - util/flowcontrol
  - util/integer
- name: k8s.io/kube-openapi
  version: 86e28c192d2743f0232b9bc5f0a531568ef9f2a5
  subpackages:
  - pkg/util/proto
testImports: []
